
Microsoft Visual Studio Solution File, Format Version 12.00
# Visual Studio Version 17
VisualStudioVersion = 17.9.34622.214
MinimumVisualStudioVersion = 10.0.40219.1
Project("{FAE04EC0-301F-11D3-BF4B-00C04F79EFBC}") = "Xellarium.BusinessLogic", "src\Xellarium.BusinessLogic\Xellarium.BusinessLogic.csproj", "{B5D7A25C-8444-4CAE-AC30-00D0A73F6886}"
EndProject
Project("{FAE04EC0-301F-11D3-BF4B-00C04F79EFBC}") = "Xellarium.BusinessLogic.Test", "test\Xellarium.BusinessLogic.Test\Xellarium.BusinessLogic.Test.csproj", "{467D0186-C11C-4375-B01E-254013E14851}"
EndProject
Project("{FAE04EC0-301F-11D3-BF4B-00C04F79EFBC}") = "Xellarium.DataAccess", "src\Xellarium.DataAccess\Xellarium.DataAccess.csproj", "{EB690F6F-CCFE-4C09-920D-A1168CBFD0B4}"
EndProject
Project("{FAE04EC0-301F-11D3-BF4B-00C04F79EFBC}") = "Xellarium.Server", "src\Xellarium.Server\Xellarium.Server.csproj", "{AC25043D-B791-4179-B939-DD81ACBB50BA}"
EndProject
Project("{FAE04EC0-301F-11D3-BF4B-00C04F79EFBC}") = "Xellarium.WebApi", "src\Xellarium.WebApi\Xellarium.WebApi.csproj", "{8C017D5D-2306-4988-A80E-72A72D670EC7}"
EndProject
Project("{FAE04EC0-301F-11D3-BF4B-00C04F79EFBC}") = "Xellarium.IntegrationTests", "test\Xellarium.IntegrationTests\Xellarium.IntegrationTests.csproj", "{8A8B3F00-A8AF-47A0-86BE-772A160A761E}"
EndProject
Project("{FAE04EC0-301F-11D3-BF4B-00C04F79EFBC}") = "Xellarium.Authentication", "src\Xellarium.Authentication\Xellarium.Authentication.csproj", "{B380FA15-AB6B-4585-83B0-837220D4BAC9}"
EndProject
Project("{FAE04EC0-301F-11D3-BF4B-00C04F79EFBC}") = "Xellarium.TechUi", "src\Xellarium.TechUi\Xellarium.TechUi.csproj", "{C9A30C5D-04E4-4259-A289-5C0F361C48D1}"
EndProject
Project("{FAE04EC0-301F-11D3-BF4B-00C04F79EFBC}") = "Xellarium.Client", "src\Xellarium.Client\Xellarium.Client.csproj", "{955A3CE5-A5F3-453B-90B5-AAE3978BE86B}"
EndProject
Project("{FAE04EC0-301F-11D3-BF4B-00C04F79EFBC}") = "Xellarium.Shared", "src\Xellarium.Shared\Xellarium.Shared.csproj", "{88B8B2F7-9CFA-4EEC-A861-24CFE5BA5BB8}"
EndProject
Project("{FAE04EC0-301F-11D3-BF4B-00C04F79EFBC}") = "Xellarium.Shared.Test", "test\Xellarium.Shared.Test\Xellarium.Shared.Test.csproj", "{E6116FC0-35D4-479F-BB7A-B4005D8B353E}"
EndProject
Project("{FAE04EC0-301F-11D3-BF4B-00C04F79EFBC}") = "Xellarium.EndToEnd", "test\Xellarium.EndToEnd\Xellarium.EndToEnd.csproj", "{4F755D89-833A-4F82-BD34-DFFA2818B833}"
EndProject
Project("{FAE04EC0-301F-11D3-BF4B-00C04F79EFBC}") = "Xellarium.NewClient", "src\Xellarium.NewClient\Xellarium.NewClient.csproj", "{CE2FEFA0-8E9A-4310-8241-6F99C6EFA933}"
EndProject
Project("{FAE04EC0-301F-11D3-BF4B-00C04F79EFBC}") = "Xellarium.NewClient.Test", "test\Xellarium.NewClient.Test\Xellarium.NewClient.Test.csproj", "{12206808-81AE-4DD1-9D9B-F19E4A472529}"
EndProject
Global
	GlobalSection(SolutionConfigurationPlatforms) = preSolution
		Debug|Any CPU = Debug|Any CPU
		Release|Any CPU = Release|Any CPU
	EndGlobalSection
	GlobalSection(ProjectConfigurationPlatforms) = postSolution
		{B5D7A25C-8444-4CAE-AC30-00D0A73F6886}.Debug|Any CPU.ActiveCfg = Debug|Any CPU
		{B5D7A25C-8444-4CAE-AC30-00D0A73F6886}.Debug|Any CPU.Build.0 = Debug|Any CPU
		{B5D7A25C-8444-4CAE-AC30-00D0A73F6886}.Release|Any CPU.ActiveCfg = Release|Any CPU
		{B5D7A25C-8444-4CAE-AC30-00D0A73F6886}.Release|Any CPU.Build.0 = Release|Any CPU
		{467D0186-C11C-4375-B01E-254013E14851}.Debug|Any CPU.ActiveCfg = Debug|Any CPU
		{467D0186-C11C-4375-B01E-254013E14851}.Debug|Any CPU.Build.0 = Debug|Any CPU
		{467D0186-C11C-4375-B01E-254013E14851}.Release|Any CPU.ActiveCfg = Release|Any CPU
		{467D0186-C11C-4375-B01E-254013E14851}.Release|Any CPU.Build.0 = Release|Any CPU
		{EB690F6F-CCFE-4C09-920D-A1168CBFD0B4}.Debug|Any CPU.ActiveCfg = Debug|Any CPU
		{EB690F6F-CCFE-4C09-920D-A1168CBFD0B4}.Debug|Any CPU.Build.0 = Debug|Any CPU
		{EB690F6F-CCFE-4C09-920D-A1168CBFD0B4}.Release|Any CPU.ActiveCfg = Release|Any CPU
		{EB690F6F-CCFE-4C09-920D-A1168CBFD0B4}.Release|Any CPU.Build.0 = Release|Any CPU
		{AC25043D-B791-4179-B939-DD81ACBB50BA}.Debug|Any CPU.ActiveCfg = Debug|Any CPU
		{AC25043D-B791-4179-B939-DD81ACBB50BA}.Debug|Any CPU.Build.0 = Debug|Any CPU
		{AC25043D-B791-4179-B939-DD81ACBB50BA}.Release|Any CPU.ActiveCfg = Release|Any CPU
		{AC25043D-B791-4179-B939-DD81ACBB50BA}.Release|Any CPU.Build.0 = Release|Any CPU
		{8C017D5D-2306-4988-A80E-72A72D670EC7}.Debug|Any CPU.ActiveCfg = Debug|Any CPU
		{8C017D5D-2306-4988-A80E-72A72D670EC7}.Debug|Any CPU.Build.0 = Debug|Any CPU
		{8C017D5D-2306-4988-A80E-72A72D670EC7}.Release|Any CPU.ActiveCfg = Release|Any CPU
		{8C017D5D-2306-4988-A80E-72A72D670EC7}.Release|Any CPU.Build.0 = Release|Any CPU
		{8A8B3F00-A8AF-47A0-86BE-772A160A761E}.Debug|Any CPU.ActiveCfg = Debug|Any CPU
		{8A8B3F00-A8AF-47A0-86BE-772A160A761E}.Debug|Any CPU.Build.0 = Debug|Any CPU
		{8A8B3F00-A8AF-47A0-86BE-772A160A761E}.Release|Any CPU.ActiveCfg = Release|Any CPU
		{8A8B3F00-A8AF-47A0-86BE-772A160A761E}.Release|Any CPU.Build.0 = Release|Any CPU
		{B380FA15-AB6B-4585-83B0-837220D4BAC9}.Debug|Any CPU.ActiveCfg = Debug|Any CPU
		{B380FA15-AB6B-4585-83B0-837220D4BAC9}.Debug|Any CPU.Build.0 = Debug|Any CPU
		{B380FA15-AB6B-4585-83B0-837220D4BAC9}.Release|Any CPU.ActiveCfg = Release|Any CPU
		{B380FA15-AB6B-4585-83B0-837220D4BAC9}.Release|Any CPU.Build.0 = Release|Any CPU
		{C9A30C5D-04E4-4259-A289-5C0F361C48D1}.Debug|Any CPU.ActiveCfg = Debug|Any CPU
		{C9A30C5D-04E4-4259-A289-5C0F361C48D1}.Debug|Any CPU.Build.0 = Debug|Any CPU
		{C9A30C5D-04E4-4259-A289-5C0F361C48D1}.Release|Any CPU.ActiveCfg = Release|Any CPU
		{C9A30C5D-04E4-4259-A289-5C0F361C48D1}.Release|Any CPU.Build.0 = Release|Any CPU
		{955A3CE5-A5F3-453B-90B5-AAE3978BE86B}.Debug|Any CPU.ActiveCfg = Debug|Any CPU
		{955A3CE5-A5F3-453B-90B5-AAE3978BE86B}.Debug|Any CPU.Build.0 = Debug|Any CPU
		{955A3CE5-A5F3-453B-90B5-AAE3978BE86B}.Release|Any CPU.ActiveCfg = Release|Any CPU
		{955A3CE5-A5F3-453B-90B5-AAE3978BE86B}.Release|Any CPU.Build.0 = Release|Any CPU
		{88B8B2F7-9CFA-4EEC-A861-24CFE5BA5BB8}.Debug|Any CPU.ActiveCfg = Debug|Any CPU
		{88B8B2F7-9CFA-4EEC-A861-24CFE5BA5BB8}.Debug|Any CPU.Build.0 = Debug|Any CPU
		{88B8B2F7-9CFA-4EEC-A861-24CFE5BA5BB8}.Release|Any CPU.ActiveCfg = Release|Any CPU
		{88B8B2F7-9CFA-4EEC-A861-24CFE5BA5BB8}.Release|Any CPU.Build.0 = Release|Any CPU
		{E6116FC0-35D4-479F-BB7A-B4005D8B353E}.Debug|Any CPU.ActiveCfg = Debug|Any CPU
		{E6116FC0-35D4-479F-BB7A-B4005D8B353E}.Debug|Any CPU.Build.0 = Debug|Any CPU
		{E6116FC0-35D4-479F-BB7A-B4005D8B353E}.Release|Any CPU.ActiveCfg = Release|Any CPU
		{E6116FC0-35D4-479F-BB7A-B4005D8B353E}.Release|Any CPU.Build.0 = Release|Any CPU
		{4F755D89-833A-4F82-BD34-DFFA2818B833}.Debug|Any CPU.ActiveCfg = Debug|Any CPU
		{4F755D89-833A-4F82-BD34-DFFA2818B833}.Debug|Any CPU.Build.0 = Debug|Any CPU
		{4F755D89-833A-4F82-BD34-DFFA2818B833}.Release|Any CPU.ActiveCfg = Release|Any CPU
		{4F755D89-833A-4F82-BD34-DFFA2818B833}.Release|Any CPU.Build.0 = Release|Any CPU
		{CE2FEFA0-8E9A-4310-8241-6F99C6EFA933}.Debug|Any CPU.ActiveCfg = Debug|Any CPU
		{CE2FEFA0-8E9A-4310-8241-6F99C6EFA933}.Debug|Any CPU.Build.0 = Debug|Any CPU
		{CE2FEFA0-8E9A-4310-8241-6F99C6EFA933}.Release|Any CPU.ActiveCfg = Release|Any CPU
		{CE2FEFA0-8E9A-4310-8241-6F99C6EFA933}.Release|Any CPU.Build.0 = Release|Any CPU
		{12206808-81AE-4DD1-9D9B-F19E4A472529}.Debug|Any CPU.ActiveCfg = Debug|Any CPU
		{12206808-81AE-4DD1-9D9B-F19E4A472529}.Debug|Any CPU.Build.0 = Debug|Any CPU
		{12206808-81AE-4DD1-9D9B-F19E4A472529}.Release|Any CPU.ActiveCfg = Release|Any CPU
		{12206808-81AE-4DD1-9D9B-F19E4A472529}.Release|Any CPU.Build.0 = Release|Any CPU
	EndGlobalSection
	GlobalSection(SolutionProperties) = preSolution
		HideSolutionNode = FALSE
	EndGlobalSection
EndGlobal
